
Microsoft Visual Studio Solution File, Format Version 12.00
# Visual Studio Version 16
VisualStudioVersion = 16.0.29806.167
MinimumVisualStudioVersion = 10.0.40219.1
Project("{FAE04EC0-301F-11D3-BF4B-00C04F79EFBC}") = "Auto-Sort", "Auto-Sort.csproj", "{59301334-AA55-457F-A556-960028189CF1}"
EndProject
Global
	GlobalSection(SolutionConfigurationPlatforms) = preSolution
		Debug|x64 = Debug|x64
		Release|x64 = Release|x64
	EndGlobalSection
	GlobalSection(ProjectConfigurationPlatforms) = postSolution
		{59301334-AA55-457F-A556-960028189CF1}.Debug|x64.ActiveCfg = Debug|x64
		{59301334-AA55-457F-A556-960028189CF1}.Debug|x64.Build.0 = Debug|x64
		{59301334-AA55-457F-A556-960028189CF1}.Release|x64.ActiveCfg = Release|x64
		{59301334-AA55-457F-A556-960028189CF1}.Release|x64.Build.0 = Release|x64
	EndGlobalSection
	GlobalSection(SolutionProperties) = preSolution
		HideSolutionNode = FALSE
	EndGlobalSection
	GlobalSection(ExtensibilityGlobals) = postSolution
		SolutionGuid = {CC1D5058-1459-4566-B202-55528FFCA6C8}
	EndGlobalSection
EndGlobal
